
Microsoft Visual Studio Solution File, Format Version 12.00
# Visual Studio 14
VisualStudioVersion = 14.0.25123.0
MinimumVisualStudioVersion = 10.0.40219.1
Project("{FAE04EC0-301F-11D3-BF4B-00C04F79EFBC}") = "DemoMvvmCross.Core.Droid", "DemoMvvmCross.Core\DemoMvvmCross.Core.Droid\DemoMvvmCross.Core.Droid.csproj", "{F03DC71F-02C9-4AB5-9054-8B5EA3F0E7DF}"
EndProject
Project("{FAE04EC0-301F-11D3-BF4B-00C04F79EFBC}") = "DemoMvvmCross.Core.iOS", "DemoMvvmCross.Core\DemoMvvmCross.Core.iOS\DemoMvvmCross.Core.iOS.csproj", "{BE34F54C-646B-4191-B11D-1088F1B90804}"
EndProject
Project("{FAE04EC0-301F-11D3-BF4B-00C04F79EFBC}") = "DemoMvvmCross.Core.WinPhone", "DemoMvvmCross.Core\DemoMvvmCross.Core.WinPhone\DemoMvvmCross.Core.WinPhone.csproj", "{8CCFC435-0160-49A5-B9A5-ACC49A6F8806}"
EndProject
Project("{FAE04EC0-301F-11D3-BF4B-00C04F79EFBC}") = "DemoMvvmCross.Core", "DemoMvvmCross.Core\DemoMvvmCross.Core\DemoMvvmCross.Core.csproj", "{C7196C04-370C-4F42-8173-91BCE414466D}"
EndProject
Global
	GlobalSection(SolutionConfigurationPlatforms) = preSolution
		AppStore|Any CPU = AppStore|Any CPU
		AppStore|ARM = AppStore|ARM
		AppStore|iPhone = AppStore|iPhone
		AppStore|iPhoneSimulator = AppStore|iPhoneSimulator
		AppStore|x86 = AppStore|x86
		Debug|Any CPU = Debug|Any CPU
		Debug|ARM = Debug|ARM
		Debug|iPhone = Debug|iPhone
		Debug|iPhoneSimulator = Debug|iPhoneSimulator
		Debug|x86 = Debug|x86
		Release|Any CPU = Release|Any CPU
		Release|ARM = Release|ARM
		Release|iPhone = Release|iPhone
		Release|iPhoneSimulator = Release|iPhoneSimulator
		Release|x86 = Release|x86
	EndGlobalSection
	GlobalSection(ProjectConfigurationPlatforms) = postSolution
		{F03DC71F-02C9-4AB5-9054-8B5EA3F0E7DF}.AppStore|Any CPU.ActiveCfg = Release|Any CPU
		{F03DC71F-02C9-4AB5-9054-8B5EA3F0E7DF}.AppStore|Any CPU.Build.0 = Release|Any CPU
		{F03DC71F-02C9-4AB5-9054-8B5EA3F0E7DF}.AppStore|Any CPU.Deploy.0 = Release|Any CPU
		{F03DC71F-02C9-4AB5-9054-8B5EA3F0E7DF}.AppStore|ARM.ActiveCfg = Release|Any CPU
		{F03DC71F-02C9-4AB5-9054-8B5EA3F0E7DF}.AppStore|ARM.Build.0 = Release|Any CPU
		{F03DC71F-02C9-4AB5-9054-8B5EA3F0E7DF}.AppStore|ARM.Deploy.0 = Release|Any CPU
		{F03DC71F-02C9-4AB5-9054-8B5EA3F0E7DF}.AppStore|iPhone.ActiveCfg = Release|Any CPU
		{F03DC71F-02C9-4AB5-9054-8B5EA3F0E7DF}.AppStore|iPhone.Build.0 = Release|Any CPU
		{F03DC71F-02C9-4AB5-9054-8B5EA3F0E7DF}.AppStore|iPhone.Deploy.0 = Release|Any CPU
		{F03DC71F-02C9-4AB5-9054-8B5EA3F0E7DF}.AppStore|iPhoneSimulator.ActiveCfg = Release|Any CPU
		{F03DC71F-02C9-4AB5-9054-8B5EA3F0E7DF}.AppStore|iPhoneSimulator.Build.0 = Release|Any CPU
		{F03DC71F-02C9-4AB5-9054-8B5EA3F0E7DF}.AppStore|iPhoneSimulator.Deploy.0 = Release|Any CPU
		{F03DC71F-02C9-4AB5-9054-8B5EA3F0E7DF}.AppStore|x86.ActiveCfg = Release|Any CPU
		{F03DC71F-02C9-4AB5-9054-8B5EA3F0E7DF}.AppStore|x86.Build.0 = Release|Any CPU
		{F03DC71F-02C9-4AB5-9054-8B5EA3F0E7DF}.AppStore|x86.Deploy.0 = Release|Any CPU
		{F03DC71F-02C9-4AB5-9054-8B5EA3F0E7DF}.Debug|Any CPU.ActiveCfg = Debug|Any CPU
		{F03DC71F-02C9-4AB5-9054-8B5EA3F0E7DF}.Debug|Any CPU.Build.0 = Debug|Any CPU
		{F03DC71F-02C9-4AB5-9054-8B5EA3F0E7DF}.Debug|Any CPU.Deploy.0 = Debug|Any CPU
		{F03DC71F-02C9-4AB5-9054-8B5EA3F0E7DF}.Debug|ARM.ActiveCfg = Debug|Any CPU
		{F03DC71F-02C9-4AB5-9054-8B5EA3F0E7DF}.Debug|ARM.Build.0 = Debug|Any CPU
		{F03DC71F-02C9-4AB5-9054-8B5EA3F0E7DF}.Debug|ARM.Deploy.0 = Debug|Any CPU
		{F03DC71F-02C9-4AB5-9054-8B5EA3F0E7DF}.Debug|iPhone.ActiveCfg = Debug|Any CPU
		{F03DC71F-02C9-4AB5-9054-8B5EA3F0E7DF}.Debug|iPhone.Build.0 = Debug|Any CPU
		{F03DC71F-02C9-4AB5-9054-8B5EA3F0E7DF}.Debug|iPhone.Deploy.0 = Debug|Any CPU
		{F03DC71F-02C9-4AB5-9054-8B5EA3F0E7DF}.Debug|iPhoneSimulator.ActiveCfg = Debug|Any CPU
		{F03DC71F-02C9-4AB5-9054-8B5EA3F0E7DF}.Debug|iPhoneSimulator.Build.0 = Debug|Any CPU
		{F03DC71F-02C9-4AB5-9054-8B5EA3F0E7DF}.Debug|iPhoneSimulator.Deploy.0 = Debug|Any CPU
		{F03DC71F-02C9-4AB5-9054-8B5EA3F0E7DF}.Debug|x86.ActiveCfg = Debug|Any CPU
		{F03DC71F-02C9-4AB5-9054-8B5EA3F0E7DF}.Debug|x86.Build.0 = Debug|Any CPU
		{F03DC71F-02C9-4AB5-9054-8B5EA3F0E7DF}.Debug|x86.Deploy.0 = Debug|Any CPU
		{F03DC71F-02C9-4AB5-9054-8B5EA3F0E7DF}.Release|Any CPU.ActiveCfg = Release|Any CPU
		{F03DC71F-02C9-4AB5-9054-8B5EA3F0E7DF}.Release|Any CPU.Build.0 = Release|Any CPU
		{F03DC71F-02C9-4AB5-9054-8B5EA3F0E7DF}.Release|Any CPU.Deploy.0 = Release|Any CPU
		{F03DC71F-02C9-4AB5-9054-8B5EA3F0E7DF}.Release|ARM.ActiveCfg = Release|Any CPU
		{F03DC71F-02C9-4AB5-9054-8B5EA3F0E7DF}.Release|ARM.Build.0 = Release|Any CPU
		{F03DC71F-02C9-4AB5-9054-8B5EA3F0E7DF}.Release|ARM.Deploy.0 = Release|Any CPU
		{F03DC71F-02C9-4AB5-9054-8B5EA3F0E7DF}.Release|iPhone.ActiveCfg = Release|Any CPU
		{F03DC71F-02C9-4AB5-9054-8B5EA3F0E7DF}.Release|iPhone.Build.0 = Release|Any CPU
		{F03DC71F-02C9-4AB5-9054-8B5EA3F0E7DF}.Release|iPhone.Deploy.0 = Release|Any CPU
		{F03DC71F-02C9-4AB5-9054-8B5EA3F0E7DF}.Release|iPhoneSimulator.ActiveCfg = Release|Any CPU
		{F03DC71F-02C9-4AB5-9054-8B5EA3F0E7DF}.Release|iPhoneSimulator.Build.0 = Release|Any CPU
		{F03DC71F-02C9-4AB5-9054-8B5EA3F0E7DF}.Release|iPhoneSimulator.Deploy.0 = Release|Any CPU
		{F03DC71F-02C9-4AB5-9054-8B5EA3F0E7DF}.Release|x86.ActiveCfg = Release|Any CPU
		{F03DC71F-02C9-4AB5-9054-8B5EA3F0E7DF}.Release|x86.Build.0 = Release|Any CPU
		{F03DC71F-02C9-4AB5-9054-8B5EA3F0E7DF}.Release|x86.Deploy.0 = Release|Any CPU
		{BE34F54C-646B-4191-B11D-1088F1B90804}.AppStore|Any CPU.ActiveCfg = AppStore|iPhone
		{BE34F54C-646B-4191-B11D-1088F1B90804}.AppStore|ARM.ActiveCfg = AppStore|iPhone
		{BE34F54C-646B-4191-B11D-1088F1B90804}.AppStore|iPhone.ActiveCfg = AppStore|iPhone
		{BE34F54C-646B-4191-B11D-1088F1B90804}.AppStore|iPhone.Build.0 = AppStore|iPhone
		{BE34F54C-646B-4191-B11D-1088F1B90804}.AppStore|iPhoneSimulator.ActiveCfg = AppStore|iPhoneSimulator
		{BE34F54C-646B-4191-B11D-1088F1B90804}.AppStore|iPhoneSimulator.Build.0 = AppStore|iPhoneSimulator
		{BE34F54C-646B-4191-B11D-1088F1B90804}.AppStore|x86.ActiveCfg = AppStore|iPhone
		{BE34F54C-646B-4191-B11D-1088F1B90804}.Debug|Any CPU.ActiveCfg = Debug|iPhone
		{BE34F54C-646B-4191-B11D-1088F1B90804}.Debug|ARM.ActiveCfg = Debug|iPhone
		{BE34F54C-646B-4191-B11D-1088F1B90804}.Debug|iPhone.ActiveCfg = Debug|iPhone
		{BE34F54C-646B-4191-B11D-1088F1B90804}.Debug|iPhone.Build.0 = Debug|iPhone
		{BE34F54C-646B-4191-B11D-1088F1B90804}.Debug|iPhoneSimulator.ActiveCfg = Debug|iPhoneSimulator
		{BE34F54C-646B-4191-B11D-1088F1B90804}.Debug|iPhoneSimulator.Build.0 = Debug|iPhoneSimulator
		{BE34F54C-646B-4191-B11D-1088F1B90804}.Debug|x86.ActiveCfg = Debug|iPhone
		{BE34F54C-646B-4191-B11D-1088F1B90804}.Release|Any CPU.ActiveCfg = Release|iPhone
		{BE34F54C-646B-4191-B11D-1088F1B90804}.Release|ARM.ActiveCfg = Release|iPhone
		{BE34F54C-646B-4191-B11D-1088F1B90804}.Release|iPhone.ActiveCfg = Release|iPhone
		{BE34F54C-646B-4191-B11D-1088F1B90804}.Release|iPhone.Build.0 = Release|iPhone
		{BE34F54C-646B-4191-B11D-1088F1B90804}.Release|iPhoneSimulator.ActiveCfg = Release|iPhoneSimulator
		{BE34F54C-646B-4191-B11D-1088F1B90804}.Release|iPhoneSimulator.Build.0 = Release|iPhoneSimulator
		{BE34F54C-646B-4191-B11D-1088F1B90804}.Release|x86.ActiveCfg = Release|iPhone
		{8CCFC435-0160-49A5-B9A5-ACC49A6F8806}.AppStore|Any CPU.ActiveCfg = Release|Any CPU
		{8CCFC435-0160-49A5-B9A5-ACC49A6F8806}.AppStore|Any CPU.Build.0 = Release|Any CPU
		{8CCFC435-0160-49A5-B9A5-ACC49A6F8806}.AppStore|Any CPU.Deploy.0 = Release|Any CPU
		{8CCFC435-0160-49A5-B9A5-ACC49A6F8806}.AppStore|ARM.ActiveCfg = Release|ARM
		{8CCFC435-0160-49A5-B9A5-ACC49A6F8806}.AppStore|ARM.Build.0 = Release|ARM
		{8CCFC435-0160-49A5-B9A5-ACC49A6F8806}.AppStore|ARM.Deploy.0 = Release|ARM
		{8CCFC435-0160-49A5-B9A5-ACC49A6F8806}.AppStore|iPhone.ActiveCfg = Release|Any CPU
		{8CCFC435-0160-49A5-B9A5-ACC49A6F8806}.AppStore|iPhone.Build.0 = Release|Any CPU
		{8CCFC435-0160-49A5-B9A5-ACC49A6F8806}.AppStore|iPhone.Deploy.0 = Release|Any CPU
		{8CCFC435-0160-49A5-B9A5-ACC49A6F8806}.AppStore|iPhoneSimulator.ActiveCfg = Release|Any CPU
		{8CCFC435-0160-49A5-B9A5-ACC49A6F8806}.AppStore|iPhoneSimulator.Build.0 = Release|Any CPU
		{8CCFC435-0160-49A5-B9A5-ACC49A6F8806}.AppStore|iPhoneSimulator.Deploy.0 = Release|Any CPU
		{8CCFC435-0160-49A5-B9A5-ACC49A6F8806}.AppStore|x86.ActiveCfg = Release|x86
		{8CCFC435-0160-49A5-B9A5-ACC49A6F8806}.AppStore|x86.Build.0 = Release|x86
		{8CCFC435-0160-49A5-B9A5-ACC49A6F8806}.AppStore|x86.Deploy.0 = Release|x86
		{8CCFC435-0160-49A5-B9A5-ACC49A6F8806}.Debug|Any CPU.ActiveCfg = Debug|Any CPU
		{8CCFC435-0160-49A5-B9A5-ACC49A6F8806}.Debug|Any CPU.Build.0 = Debug|Any CPU
		{8CCFC435-0160-49A5-B9A5-ACC49A6F8806}.Debug|Any CPU.Deploy.0 = Debug|Any CPU
		{8CCFC435-0160-49A5-B9A5-ACC49A6F8806}.Debug|ARM.ActiveCfg = Debug|ARM
		{8CCFC435-0160-49A5-B9A5-ACC49A6F8806}.Debug|ARM.Build.0 = Debug|ARM
		{8CCFC435-0160-49A5-B9A5-ACC49A6F8806}.Debug|ARM.Deploy.0 = Debug|ARM
		{8CCFC435-0160-49A5-B9A5-ACC49A6F8806}.Debug|iPhone.ActiveCfg = Debug|Any CPU
		{8CCFC435-0160-49A5-B9A5-ACC49A6F8806}.Debug|iPhone.Build.0 = Debug|Any CPU
		{8CCFC435-0160-49A5-B9A5-ACC49A6F8806}.Debug|iPhone.Deploy.0 = Debug|Any CPU
		{8CCFC435-0160-49A5-B9A5-ACC49A6F8806}.Debug|iPhoneSimulator.ActiveCfg = Debug|Any CPU
		{8CCFC435-0160-49A5-B9A5-ACC49A6F8806}.Debug|iPhoneSimulator.Build.0 = Debug|Any CPU
		{8CCFC435-0160-49A5-B9A5-ACC49A6F8806}.Debug|iPhoneSimulator.Deploy.0 = Debug|Any CPU
		{8CCFC435-0160-49A5-B9A5-ACC49A6F8806}.Debug|x86.ActiveCfg = Debug|x86
		{8CCFC435-0160-49A5-B9A5-ACC49A6F8806}.Debug|x86.Build.0 = Debug|x86
		{8CCFC435-0160-49A5-B9A5-ACC49A6F8806}.Debug|x86.Deploy.0 = Debug|x86
		{8CCFC435-0160-49A5-B9A5-ACC49A6F8806}.Release|Any CPU.ActiveCfg = Release|Any CPU
		{8CCFC435-0160-49A5-B9A5-ACC49A6F8806}.Release|Any CPU.Build.0 = Release|Any CPU
		{8CCFC435-0160-49A5-B9A5-ACC49A6F8806}.Release|Any CPU.Deploy.0 = Release|Any CPU
		{8CCFC435-0160-49A5-B9A5-ACC49A6F8806}.Release|ARM.ActiveCfg = Release|ARM
		{8CCFC435-0160-49A5-B9A5-ACC49A6F8806}.Release|ARM.Build.0 = Release|ARM
		{8CCFC435-0160-49A5-B9A5-ACC49A6F8806}.Release|ARM.Deploy.0 = Release|ARM
		{8CCFC435-0160-49A5-B9A5-ACC49A6F8806}.Release|iPhone.ActiveCfg = Release|Any CPU
		{8CCFC435-0160-49A5-B9A5-ACC49A6F8806}.Release|iPhone.Build.0 = Release|Any CPU
		{8CCFC435-0160-49A5-B9A5-ACC49A6F8806}.Release|iPhone.Deploy.0 = Release|Any CPU
		{8CCFC435-0160-49A5-B9A5-ACC49A6F8806}.Release|iPhoneSimulator.ActiveCfg = Release|Any CPU
		{8CCFC435-0160-49A5-B9A5-ACC49A6F8806}.Release|iPhoneSimulator.Build.0 = Release|Any CPU
		{8CCFC435-0160-49A5-B9A5-ACC49A6F8806}.Release|iPhoneSimulator.Deploy.0 = Release|Any CPU
		{8CCFC435-0160-49A5-B9A5-ACC49A6F8806}.Release|x86.ActiveCfg = Release|x86
		{8CCFC435-0160-49A5-B9A5-ACC49A6F8806}.Release|x86.Build.0 = Release|x86
		{8CCFC435-0160-49A5-B9A5-ACC49A6F8806}.Release|x86.Deploy.0 = Release|x86
		{C7196C04-370C-4F42-8173-91BCE414466D}.AppStore|Any CPU.ActiveCfg = Release|Any CPU
		{C7196C04-370C-4F42-8173-91BCE414466D}.AppStore|Any CPU.Build.0 = Release|Any CPU
		{C7196C04-370C-4F42-8173-91BCE414466D}.AppStore|ARM.ActiveCfg = Release|Any CPU
		{C7196C04-370C-4F42-8173-91BCE414466D}.AppStore|ARM.Build.0 = Release|Any CPU
		{C7196C04-370C-4F42-8173-91BCE414466D}.AppStore|iPhone.ActiveCfg = Release|Any CPU
		{C7196C04-370C-4F42-8173-91BCE414466D}.AppStore|iPhone.Build.0 = Release|Any CPU
		{C7196C04-370C-4F42-8173-91BCE414466D}.AppStore|iPhoneSimulator.ActiveCfg = Release|Any CPU
		{C7196C04-370C-4F42-8173-91BCE414466D}.AppStore|iPhoneSimulator.Build.0 = Release|Any CPU
		{C7196C04-370C-4F42-8173-91BCE414466D}.AppStore|x86.ActiveCfg = Release|Any CPU
		{C7196C04-370C-4F42-8173-91BCE414466D}.AppStore|x86.Build.0 = Release|Any CPU
		{C7196C04-370C-4F42-8173-91BCE414466D}.Debug|Any CPU.ActiveCfg = Debug|Any CPU
		{C7196C04-370C-4F42-8173-91BCE414466D}.Debug|Any CPU.Build.0 = Debug|Any CPU
		{C7196C04-370C-4F42-8173-91BCE414466D}.Debug|ARM.ActiveCfg = Debug|Any CPU
		{C7196C04-370C-4F42-8173-91BCE414466D}.Debug|ARM.Build.0 = Debug|Any CPU
		{C7196C04-370C-4F42-8173-91BCE414466D}.Debug|iPhone.ActiveCfg = Debug|Any CPU
		{C7196C04-370C-4F42-8173-91BCE414466D}.Debug|iPhone.Build.0 = Debug|Any CPU
		{C7196C04-370C-4F42-8173-91BCE414466D}.Debug|iPhoneSimulator.ActiveCfg = Debug|Any CPU
		{C7196C04-370C-4F42-8173-91BCE414466D}.Debug|iPhoneSimulator.Build.0 = Debug|Any CPU
		{C7196C04-370C-4F42-8173-91BCE414466D}.Debug|x86.ActiveCfg = Debug|Any CPU
		{C7196C04-370C-4F42-8173-91BCE414466D}.Debug|x86.Build.0 = Debug|Any CPU
		{C7196C04-370C-4F42-8173-91BCE414466D}.Release|Any CPU.ActiveCfg = Release|Any CPU
		{C7196C04-370C-4F42-8173-91BCE414466D}.Release|Any CPU.Build.0 = Release|Any CPU
		{C7196C04-370C-4F42-8173-91BCE414466D}.Release|ARM.ActiveCfg = Release|Any CPU
		{C7196C04-370C-4F42-8173-91BCE414466D}.Release|ARM.Build.0 = Release|Any CPU
		{C7196C04-370C-4F42-8173-91BCE414466D}.Release|iPhone.ActiveCfg = Release|Any CPU
		{C7196C04-370C-4F42-8173-91BCE414466D}.Release|iPhone.Build.0 = Release|Any CPU
		{C7196C04-370C-4F42-8173-91BCE414466D}.Release|iPhoneSimulator.ActiveCfg = Release|Any CPU
		{C7196C04-370C-4F42-8173-91BCE414466D}.Release|iPhoneSimulator.Build.0 = Release|Any CPU
		{C7196C04-370C-4F42-8173-91BCE414466D}.Release|x86.ActiveCfg = Release|Any CPU
		{C7196C04-370C-4F42-8173-91BCE414466D}.Release|x86.Build.0 = Release|Any CPU
	EndGlobalSection
	GlobalSection(SolutionProperties) = preSolution
		HideSolutionNode = FALSE
	EndGlobalSection
EndGlobal
